// !$*UTF8*$!
{
	archiveVersion = 1;
	classes = {
	};
	objectVersion = 46;
	objects = {

/* Begin PBXBuildFile section */
		7F590FB81F59410200C81AEC /* AppDelegate.swift in Sources */ = {isa = PBXBuildFile; fileRef = 7F590FB71F59410200C81AEC /* AppDelegate.swift */; };
		7F590FBA1F59410200C81AEC /* SignInVC.swift in Sources */ = {isa = PBXBuildFile; fileRef = 7F590FB91F59410200C81AEC /* SignInVC.swift */; };
		7F590FBD1F59410200C81AEC /* Main.storyboard in Resources */ = {isa = PBXBuildFile; fileRef = 7F590FBB1F59410200C81AEC /* Main.storyboard */; };
		7F590FBF1F59410200C81AEC /* Assets.xcassets in Resources */ = {isa = PBXBuildFile; fileRef = 7F590FBE1F59410200C81AEC /* Assets.xcassets */; };
		7F590FC21F59410200C81AEC /* LaunchScreen.storyboard in Resources */ = {isa = PBXBuildFile; fileRef = 7F590FC01F59410200C81AEC /* LaunchScreen.storyboard */; };
		7F590FCA1F59418200C81AEC /* GoogleService-Info.plist in Resources */ = {isa = PBXBuildFile; fileRef = 7F590FC91F59418200C81AEC /* GoogleService-Info.plist */; };
		7F590FD01F59561500C81AEC /* FancyView.swift in Sources */ = {isa = PBXBuildFile; fileRef = 7F590FCF1F59561500C81AEC /* FancyView.swift */; };
		7F590FD31F59569100C81AEC /* Constants.swift in Sources */ = {isa = PBXBuildFile; fileRef = 7F590FD21F59569100C81AEC /* Constants.swift */; };
		7F590FD51F59580800C81AEC /* RoundButton.swift in Sources */ = {isa = PBXBuildFile; fileRef = 7F590FD41F59580800C81AEC /* RoundButton.swift */; };
		7F590FD71F5959C800C81AEC /* FancyField.swift in Sources */ = {isa = PBXBuildFile; fileRef = 7F590FD61F5959C800C81AEC /* FancyField.swift */; };
		7F590FDA1F595F4300C81AEC /* FBSDKCoreKit.framework in Frameworks */ = {isa = PBXBuildFile; fileRef = 7F590FD81F595F4300C81AEC /* FBSDKCoreKit.framework */; };
		7F590FDB1F595F4400C81AEC /* FBSDKLoginKit.framework in Frameworks */ = {isa = PBXBuildFile; fileRef = 7F590FD91F595F4300C81AEC /* FBSDKLoginKit.framework */; };
		7FDFE67D1F5AE73A00A14EE8 /* FeedVC.swift in Sources */ = {isa = PBXBuildFile; fileRef = 7FDFE67C1F5AE73A00A14EE8 /* FeedVC.swift */; };
		84AFFB9C9BE8459FAF4233C7 /* Pods_The_Social_Network.framework in Frameworks */ = {isa = PBXBuildFile; fileRef = 80FCB74D67EC91AFFFDAA11D /* Pods_The_Social_Network.framework */; };
/* End PBXBuildFile section */

/* Begin PBXFileReference section */
		76F7F8F83C4252A70F1707BC /* Pods-The Social Network.debug.xcconfig */ = {isa = PBXFileReference; includeInIndex = 1; lastKnownFileType = text.xcconfig; name = "Pods-The Social Network.debug.xcconfig"; path = "Pods/Target Support Files/Pods-The Social Network/Pods-The Social Network.debug.xcconfig"; sourceTree = "<group>"; };
		7F36D8BA1F596E2F00439CE6 /* The Social Network.entitlements */ = {isa = PBXFileReference; lastKnownFileType = text.plist.entitlements; path = "The Social Network.entitlements"; sourceTree = "<group>"; };
		7F590FB41F59410200C81AEC /* The Social Network.app */ = {isa = PBXFileReference; explicitFileType = wrapper.application; includeInIndex = 0; path = "The Social Network.app"; sourceTree = BUILT_PRODUCTS_DIR; };
		7F590FB71F59410200C81AEC /* AppDelegate.swift */ = {isa = PBXFileReference; lastKnownFileType = sourcecode.swift; path = AppDelegate.swift; sourceTree = "<group>"; };
		7F590FB91F59410200C81AEC /* SignInVC.swift */ = {isa = PBXFileReference; lastKnownFileType = sourcecode.swift; path = SignInVC.swift; sourceTree = "<group>"; };
		7F590FBC1F59410200C81AEC /* Base */ = {isa = PBXFileReference; lastKnownFileType = file.storyboard; name = Base; path = Base.lproj/Main.storyboard; sourceTree = "<group>"; };
		7F590FBE1F59410200C81AEC /* Assets.xcassets */ = {isa = PBXFileReference; lastKnownFileType = folder.assetcatalog; path = Assets.xcassets; sourceTree = "<group>"; };
		7F590FC11F59410200C81AEC /* Base */ = {isa = PBXFileReference; lastKnownFileType = file.storyboard; name = Base; path = Base.lproj/LaunchScreen.storyboard; sourceTree = "<group>"; };
		7F590FC31F59410200C81AEC /* Info.plist */ = {isa = PBXFileReference; lastKnownFileType = text.plist.xml; path = Info.plist; sourceTree = "<group>"; };
		7F590FC91F59418200C81AEC /* GoogleService-Info.plist */ = {isa = PBXFileReference; fileEncoding = 4; lastKnownFileType = text.plist.xml; path = "GoogleService-Info.plist"; sourceTree = "<group>"; };
		7F590FCF1F59561500C81AEC /* FancyView.swift */ = {isa = PBXFileReference; fileEncoding = 4; lastKnownFileType = sourcecode.swift; path = FancyView.swift; sourceTree = "<group>"; };
		7F590FD21F59569100C81AEC /* Constants.swift */ = {isa = PBXFileReference; fileEncoding = 4; lastKnownFileType = sourcecode.swift; path = Constants.swift; sourceTree = "<group>"; };
		7F590FD41F59580800C81AEC /* RoundButton.swift */ = {isa = PBXFileReference; fileEncoding = 4; lastKnownFileType = sourcecode.swift; path = RoundButton.swift; sourceTree = "<group>"; };
		7F590FD61F5959C800C81AEC /* FancyField.swift */ = {isa = PBXFileReference; fileEncoding = 4; lastKnownFileType = sourcecode.swift; path = FancyField.swift; sourceTree = "<group>"; };
		7F590FD81F595F4300C81AEC /* FBSDKCoreKit.framework */ = {isa = PBXFileReference; lastKnownFileType = wrapper.framework; path = FBSDKCoreKit.framework; sourceTree = "<group>"; };
		7F590FD91F595F4300C81AEC /* FBSDKLoginKit.framework */ = {isa = PBXFileReference; lastKnownFileType = wrapper.framework; path = FBSDKLoginKit.framework; sourceTree = "<group>"; };
		7FDFE67C1F5AE73A00A14EE8 /* FeedVC.swift */ = {isa = PBXFileReference; fileEncoding = 4; lastKnownFileType = sourcecode.swift; path = FeedVC.swift; sourceTree = "<group>"; };
		80FCB74D67EC91AFFFDAA11D /* Pods_The_Social_Network.framework */ = {isa = PBXFileReference; explicitFileType = wrapper.framework; includeInIndex = 0; path = Pods_The_Social_Network.framework; sourceTree = BUILT_PRODUCTS_DIR; };
		EA943EDFCABC01DAF5923E5B /* Pods-The Social Network.release.xcconfig */ = {isa = PBXFileReference; includeInIndex = 1; lastKnownFileType = text.xcconfig; name = "Pods-The Social Network.release.xcconfig"; path = "Pods/Target Support Files/Pods-The Social Network/Pods-The Social Network.release.xcconfig"; sourceTree = "<group>"; };
/* End PBXFileReference section */

/* Begin PBXFrameworksBuildPhase section */
		7F590FB11F59410200C81AEC /* Frameworks */ = {
			isa = PBXFrameworksBuildPhase;
			buildActionMask = 2147483647;
			files = (
				84AFFB9C9BE8459FAF4233C7 /* Pods_The_Social_Network.framework in Frameworks */,
				7F590FDA1F595F4300C81AEC /* FBSDKCoreKit.framework in Frameworks */,
				7F590FDB1F595F4400C81AEC /* FBSDKLoginKit.framework in Frameworks */,
			);
			runOnlyForDeploymentPostprocessing = 0;
		};
/* End PBXFrameworksBuildPhase section */

/* Begin PBXGroup section */
		31CDE351226AE72252E54B18 /* Pods */ = {
			isa = PBXGroup;
			children = (
				76F7F8F83C4252A70F1707BC /* Pods-The Social Network.debug.xcconfig */,
				EA943EDFCABC01DAF5923E5B /* Pods-The Social Network.release.xcconfig */,
			);
			name = Pods;
			sourceTree = "<group>";
		};
		4E08B8127645AB080D5F64EF /* Frameworks */ = {
			isa = PBXGroup;
			children = (
				7F590FD81F595F4300C81AEC /* FBSDKCoreKit.framework */,
				7F590FD91F595F4300C81AEC /* FBSDKLoginKit.framework */,
				80FCB74D67EC91AFFFDAA11D /* Pods_The_Social_Network.framework */,
			);
			name = Frameworks;
			sourceTree = "<group>";
		};
		7F590FAB1F59410200C81AEC = {
			isa = PBXGroup;
			children = (
				7F590FB61F59410200C81AEC /* The Social Network */,
				7F590FB51F59410200C81AEC /* Products */,
				31CDE351226AE72252E54B18 /* Pods */,
				4E08B8127645AB080D5F64EF /* Frameworks */,
			);
			sourceTree = "<group>";
		};
		7F590FB51F59410200C81AEC /* Products */ = {
			isa = PBXGroup;
			children = (
				7F590FB41F59410200C81AEC /* The Social Network.app */,
			);
			name = Products;
			sourceTree = "<group>";
		};
		7F590FB61F59410200C81AEC /* The Social Network */ = {
			isa = PBXGroup;
			children = (
				7F36D8BA1F596E2F00439CE6 /* The Social Network.entitlements */,
				7F590FCE1F5942D400C81AEC /* Controller */,
				7F590FCD1F5942D000C81AEC /* View */,
				7F590FCC1F5942CC00C81AEC /* Model */,
				7F590FD11F59568200C81AEC /* Util */,
				7F590FB71F59410200C81AEC /* AppDelegate.swift */,
				7F590FBB1F59410200C81AEC /* Main.storyboard */,
				7F590FBE1F59410200C81AEC /* Assets.xcassets */,
				7F590FC01F59410200C81AEC /* LaunchScreen.storyboard */,
				7F590FC91F59418200C81AEC /* GoogleService-Info.plist */,
				7F590FC31F59410200C81AEC /* Info.plist */,
			);
			path = "The Social Network";
			sourceTree = "<group>";
		};
		7F590FCC1F5942CC00C81AEC /* Model */ = {
			isa = PBXGroup;
			children = (
			);
			name = Model;
			sourceTree = "<group>";
		};
		7F590FCD1F5942D000C81AEC /* View */ = {
			isa = PBXGroup;
			children = (
				7F590FCF1F59561500C81AEC /* FancyView.swift */,
				7F590FD41F59580800C81AEC /* RoundButton.swift */,
				7F590FD61F5959C800C81AEC /* FancyField.swift */,
			);
			name = View;
			sourceTree = "<group>";
		};
		7F590FCE1F5942D400C81AEC /* Controller */ = {
			isa = PBXGroup;
			children = (
				7F590FB91F59410200C81AEC /* SignInVC.swift */,
				7FDFE67C1F5AE73A00A14EE8 /* FeedVC.swift */,
			);
			name = Controller;
			sourceTree = "<group>";
		};
		7F590FD11F59568200C81AEC /* Util */ = {
			isa = PBXGroup;
			children = (
				7F590FD21F59569100C81AEC /* Constants.swift */,
			);
			name = Util;
			sourceTree = "<group>";
		};
/* End PBXGroup section */

/* Begin PBXNativeTarget section */
		7F590FB31F59410200C81AEC /* The Social Network */ = {
			isa = PBXNativeTarget;
			buildConfigurationList = 7F590FC61F59410200C81AEC /* Build configuration list for PBXNativeTarget "The Social Network" */;
			buildPhases = (
				1E36AB33E3B0EB58DBC98BBF /* [CP] Check Pods Manifest.lock */,
				7F590FB01F59410200C81AEC /* Sources */,
				7F590FB11F59410200C81AEC /* Frameworks */,
				7F590FB21F59410200C81AEC /* Resources */,
				64DEB7A908444056966D16E7 /* [CP] Embed Pods Frameworks */,
				0A6ED508D195643BAE69C4CF /* [CP] Copy Pods Resources */,
			);
			buildRules = (
			);
			dependencies = (
			);
			name = "The Social Network";
			productName = "The Social Network";
			productReference = 7F590FB41F59410200C81AEC /* The Social Network.app */;
			productType = "com.apple.product-type.application";
		};
/* End PBXNativeTarget section */

/* Begin PBXProject section */
		7F590FAC1F59410200C81AEC /* Project object */ = {
			isa = PBXProject;
			attributes = {
				LastSwiftUpdateCheck = 0820;
				LastUpgradeCheck = 0820;
				ORGANIZATIONNAME = "Belinda Mo";
				TargetAttributes = {
					7F590FB31F59410200C81AEC = {
						CreatedOnToolsVersion = 8.2.1;
						DevelopmentTeam = 8CZ37YMB5E;
						ProvisioningStyle = Automatic;
						SystemCapabilities = {
							com.apple.Keychain = {
								enabled = 1;
							};
						};
					};
				};
			};
			buildConfigurationList = 7F590FAF1F59410200C81AEC /* Build configuration list for PBXProject "The Social Network" */;
			compatibilityVersion = "Xcode 3.2";
			developmentRegion = English;
			hasScannedForEncodings = 0;
			knownRegions = (
				en,
				Base,
			);
			mainGroup = 7F590FAB1F59410200C81AEC;
			productRefGroup = 7F590FB51F59410200C81AEC /* Products */;
			projectDirPath = "";
			projectRoot = "";
			targets = (
				7F590FB31F59410200C81AEC /* The Social Network */,
			);
		};
/* End PBXProject section */

/* Begin PBXResourcesBuildPhase section */
		7F590FB21F59410200C81AEC /* Resources */ = {
			isa = PBXResourcesBuildPhase;
			buildActionMask = 2147483647;
			files = (
				7F590FC21F59410200C81AEC /* LaunchScreen.storyboard in Resources */,
				7F590FCA1F59418200C81AEC /* GoogleService-Info.plist in Resources */,
				7F590FBF1F59410200C81AEC /* Assets.xcassets in Resources */,
				7F590FBD1F59410200C81AEC /* Main.storyboard in Resources */,
			);
			runOnlyForDeploymentPostprocessing = 0;
		};
/* End PBXResourcesBuildPhase section */

/* Begin PBXShellScriptBuildPhase section */
		0A6ED508D195643BAE69C4CF /* [CP] Copy Pods Resources */ = {
			isa = PBXShellScriptBuildPhase;
			buildActionMask = 2147483647;
			files = (
			);
			inputPaths = (
			);
			name = "[CP] Copy Pods Resources";
			outputPaths = (
			);
			runOnlyForDeploymentPostprocessing = 0;
			shellPath = /bin/sh;
			shellScript = "\"${SRCROOT}/Pods/Target Support Files/Pods-The Social Network/Pods-The Social Network-resources.sh\"\n";
			showEnvVarsInLog = 0;
		};
		1E36AB33E3B0EB58DBC98BBF /* [CP] Check Pods Manifest.lock */ = {
			isa = PBXShellScriptBuildPhase;
			buildActionMask = 2147483647;
			files = (
			);
			inputPaths = (
				"${PODS_PODFILE_DIR_PATH}/Podfile.lock",
				"${PODS_ROOT}/Manifest.lock",
			);
			name = "[CP] Check Pods Manifest.lock";
			outputPaths = (
				"$(DERIVED_FILE_DIR)/Pods-The Social Network-checkManifestLockResult.txt",
			);
			runOnlyForDeploymentPostprocessing = 0;
			shellPath = /bin/sh;
			shellScript = "diff \"${PODS_PODFILE_DIR_PATH}/Podfile.lock\" \"${PODS_ROOT}/Manifest.lock\" > /dev/null\nif [ $? != 0 ] ; then\n    # print error to STDERR\n    echo \"error: The sandbox is not in sync with the Podfile.lock. Run 'pod install' or update your CocoaPods installation.\" >&2\n    exit 1\nfi\n# This output is used by Xcode 'outputs' to avoid re-running this script phase.\necho \"SUCCESS\" > \"${SCRIPT_OUTPUT_FILE_0}\"\n";
			showEnvVarsInLog = 0;
		};
		64DEB7A908444056966D16E7 /* [CP] Embed Pods Frameworks */ = {
			isa = PBXShellScriptBuildPhase;
			buildActionMask = 2147483647;
			files = (
			);
			inputPaths = (
				"${SRCROOT}/Pods/Target Support Files/Pods-The Social Network/Pods-The Social Network-frameworks.sh",
				"${BUILT_PRODUCTS_DIR}/Bolts/Bolts.framework",
				"${BUILT_PRODUCTS_DIR}/FBSDKCoreKit/FBSDKCoreKit.framework",
				"${BUILT_PRODUCTS_DIR}/FBSDKLoginKit/FBSDKLoginKit.framework",
				"${BUILT_PRODUCTS_DIR}/GTMSessionFetcher/GTMSessionFetcher.framework",
				"${BUILT_PRODUCTS_DIR}/GoogleToolboxForMac/GoogleToolboxForMac.framework",
				"${BUILT_PRODUCTS_DIR}/SwiftKeychainWrapper/SwiftKeychainWrapper.framework",
				"${BUILT_PRODUCTS_DIR}/leveldb-library/leveldb.framework",
				"${BUILT_PRODUCTS_DIR}/nanopb/nanopb.framework",
			);
			name = "[CP] Embed Pods Frameworks";
			outputPaths = (
				"${TARGET_BUILD_DIR}/${FRAMEWORKS_FOLDER_PATH}/Bolts.framework",
				"${TARGET_BUILD_DIR}/${FRAMEWORKS_FOLDER_PATH}/FBSDKCoreKit.framework",
				"${TARGET_BUILD_DIR}/${FRAMEWORKS_FOLDER_PATH}/FBSDKLoginKit.framework",
				"${TARGET_BUILD_DIR}/${FRAMEWORKS_FOLDER_PATH}/GTMSessionFetcher.framework",
				"${TARGET_BUILD_DIR}/${FRAMEWORKS_FOLDER_PATH}/GoogleToolboxForMac.framework",
				"${TARGET_BUILD_DIR}/${FRAMEWORKS_FOLDER_PATH}/SwiftKeychainWrapper.framework",
				"${TARGET_BUILD_DIR}/${FRAMEWORKS_FOLDER_PATH}/leveldb.framework",
				"${TARGET_BUILD_DIR}/${FRAMEWORKS_FOLDER_PATH}/nanopb.framework",
			);
			runOnlyForDeploymentPostprocessing = 0;
			shellPath = /bin/sh;
			shellScript = "\"${SRCROOT}/Pods/Target Support Files/Pods-The Social Network/Pods-The Social Network-frameworks.sh\"\n";
			showEnvVarsInLog = 0;
		};
/* End PBXShellScriptBuildPhase section */

/* Begin PBXSourcesBuildPhase section */
		7F590FB01F59410200C81AEC /* Sources */ = {
			isa = PBXSourcesBuildPhase;
			buildActionMask = 2147483647;
			files = (
				7F590FD71F5959C800C81AEC /* FancyField.swift in Sources */,
				7FDFE67D1F5AE73A00A14EE8 /* FeedVC.swift in Sources */,
				7F590FBA1F59410200C81AEC /* SignInVC.swift in Sources */,
				7F590FD51F59580800C81AEC /* RoundButton.swift in Sources */,
				7F590FB81F59410200C81AEC /* AppDelegate.swift in Sources */,
				7F590FD01F59561500C81AEC /* FancyView.swift in Sources */,
				7F590FD31F59569100C81AEC /* Constants.swift in Sources */,
			);
			runOnlyForDeploymentPostprocessing = 0;
		};
/* End PBXSourcesBuildPhase section */

/* Begin PBXVariantGroup section */
		7F590FBB1F59410200C81AEC /* Main.storyboard */ = {
			isa = PBXVariantGroup;
			children = (
				7F590FBC1F59410200C81AEC /* Base */,
			);
			name = Main.storyboard;
			sourceTree = "<group>";
		};
		7F590FC01F59410200C81AEC /* LaunchScreen.storyboard */ = {
			isa = PBXVariantGroup;
			children = (
				7F590FC11F59410200C81AEC /* Base */,
			);
			name = LaunchScreen.storyboard;
			sourceTree = "<group>";
		};
/* End PBXVariantGroup section */

/* Begin XCBuildConfiguration section */
		7F590FC41F59410200C81AEC /* Debug */ = {
			isa = XCBuildConfiguration;
			buildSettings = {
				ALWAYS_SEARCH_USER_PATHS = NO;
				CLANG_ANALYZER_NONNULL = YES;
				CLANG_CXX_LANGUAGE_STANDARD = "gnu++0x";
				CLANG_CXX_LIBRARY = "libc++";
				CLANG_ENABLE_MODULES = YES;
				CLANG_ENABLE_OBJC_ARC = YES;
				CLANG_WARN_BOOL_CONVERSION = YES;
				CLANG_WARN_CONSTANT_CONVERSION = YES;
				CLANG_WARN_DIRECT_OBJC_ISA_USAGE = YES_ERROR;
				CLANG_WARN_DOCUMENTATION_COMMENTS = YES;
				CLANG_WARN_EMPTY_BODY = YES;
				CLANG_WARN_ENUM_CONVERSION = YES;
				CLANG_WARN_INFINITE_RECURSION = YES;
				CLANG_WARN_INT_CONVERSION = YES;
				CLANG_WARN_OBJC_ROOT_CLASS = YES_ERROR;
				CLANG_WARN_SUSPICIOUS_MOVE = YES;
				CLANG_WARN_UNREACHABLE_CODE = YES;
				CLANG_WARN__DUPLICATE_METHOD_MATCH = YES;
				"CODE_SIGN_IDENTITY[sdk=iphoneos*]" = "iPhone Developer";
				COPY_PHASE_STRIP = NO;
				DEBUG_INFORMATION_FORMAT = dwarf;
				ENABLE_STRICT_OBJC_MSGSEND = YES;
				ENABLE_TESTABILITY = YES;
				GCC_C_LANGUAGE_STANDARD = gnu99;
				GCC_DYNAMIC_NO_PIC = NO;
				GCC_NO_COMMON_BLOCKS = YES;
				GCC_OPTIMIZATION_LEVEL = 0;
				GCC_PREPROCESSOR_DEFINITIONS = (
					"DEBUG=1",
					"$(inherited)",
				);
				GCC_WARN_64_TO_32_BIT_CONVERSION = YES;
				GCC_WARN_ABOUT_RETURN_TYPE = YES_ERROR;
				GCC_WARN_UNDECLARED_SELECTOR = YES;
				GCC_WARN_UNINITIALIZED_AUTOS = YES_AGGRESSIVE;
				GCC_WARN_UNUSED_FUNCTION = YES;
				GCC_WARN_UNUSED_VARIABLE = YES;
				IPHONEOS_DEPLOYMENT_TARGET = 10.2;
				MTL_ENABLE_DEBUG_INFO = YES;
				ONLY_ACTIVE_ARCH = YES;
				SDKROOT = iphoneos;
				SWIFT_ACTIVE_COMPILATION_CONDITIONS = DEBUG;
				SWIFT_OPTIMIZATION_LEVEL = "-Onone";
				TARGETED_DEVICE_FAMILY = "1,2";
			};
			name = Debug;
		};
		7F590FC51F59410200C81AEC /* Release */ = {
			isa = XCBuildConfiguration;
			buildSettings = {
				ALWAYS_SEARCH_USER_PATHS = NO;
				CLANG_ANALYZER_NONNULL = YES;
				CLANG_CXX_LANGUAGE_STANDARD = "gnu++0x";
				CLANG_CXX_LIBRARY = "libc++";
				CLANG_ENABLE_MODULES = YES;
				CLANG_ENABLE_OBJC_ARC = YES;
				CLANG_WARN_BOOL_CONVERSION = YES;
				CLANG_WARN_CONSTANT_CONVERSION = YES;
				CLANG_WARN_DIRECT_OBJC_ISA_USAGE = YES_ERROR;
				CLANG_WARN_DOCUMENTATION_COMMENTS = YES;
				CLANG_WARN_EMPTY_BODY = YES;
				CLANG_WARN_ENUM_CONVERSION = YES;
				CLANG_WARN_INFINITE_RECURSION = YES;
				CLANG_WARN_INT_CONVERSION = YES;
				CLANG_WARN_OBJC_ROOT_CLASS = YES_ERROR;
				CLANG_WARN_SUSPICIOUS_MOVE = YES;
				CLANG_WARN_UNREACHABLE_CODE = YES;
				CLANG_WARN__DUPLICATE_METHOD_MATCH = YES;
				"CODE_SIGN_IDENTITY[sdk=iphoneos*]" = "iPhone Developer";
				COPY_PHASE_STRIP = NO;
				DEBUG_INFORMATION_FORMAT = "dwarf-with-dsym";
				ENABLE_NS_ASSERTIONS = NO;
				ENABLE_STRICT_OBJC_MSGSEND = YES;
				GCC_C_LANGUAGE_STANDARD = gnu99;
				GCC_NO_COMMON_BLOCKS = YES;
				GCC_WARN_64_TO_32_BIT_CONVERSION = YES;
				GCC_WARN_ABOUT_RETURN_TYPE = YES_ERROR;
				GCC_WARN_UNDECLARED_SELECTOR = YES;
				GCC_WARN_UNINITIALIZED_AUTOS = YES_AGGRESSIVE;
				GCC_WARN_UNUSED_FUNCTION = YES;
				GCC_WARN_UNUSED_VARIABLE = YES;
				IPHONEOS_DEPLOYMENT_TARGET = 10.2;
				MTL_ENABLE_DEBUG_INFO = NO;
				SDKROOT = iphoneos;
				SWIFT_OPTIMIZATION_LEVEL = "-Owholemodule";
				TARGETED_DEVICE_FAMILY = "1,2";
				VALIDATE_PRODUCT = YES;
			};
			name = Release;
		};
		7F590FC71F59410200C81AEC /* Debug */ = {
			isa = XCBuildConfiguration;
			baseConfigurationReference = 76F7F8F83C4252A70F1707BC /* Pods-The Social Network.debug.xcconfig */;
			buildSettings = {
				ASSETCATALOG_COMPILER_APPICON_NAME = AppIcon;
				CODE_SIGN_ENTITLEMENTS = "The Social Network/The Social Network.entitlements";
				DEVELOPMENT_TEAM = 8CZ37YMB5E;
				FRAMEWORK_SEARCH_PATHS = (
					"$(inherited)",
					"$(PROJECT_DIR)",
				);
				INFOPLIST_FILE = "The Social Network/Info.plist";
				LD_RUNPATH_SEARCH_PATHS = "$(inherited) @executable_path/Frameworks";
				PRODUCT_BUNDLE_IDENTIFIER = "com.BelindaMo.The-Social-Network";
				PRODUCT_NAME = "$(TARGET_NAME)";
				SWIFT_VERSION = 3.0;
			};
			name = Debug;
		};
		7F590FC81F59410200C81AEC /* Release */ = {
			isa = XCBuildConfiguration;
			baseConfigurationReference = EA943EDFCABC01DAF5923E5B /* Pods-The Social Network.release.xcconfig */;
			buildSettings = {
				ASSETCATALOG_COMPILER_APPICON_NAME = AppIcon;
				CODE_SIGN_ENTITLEMENTS = "The Social Network/The Social Network.entitlements";
				DEVELOPMENT_TEAM = 8CZ37YMB5E;
				FRAMEWORK_SEARCH_PATHS = (
					"$(inherited)",
					"$(PROJECT_DIR)",
				);
				"FRAMEWORK_SEARCH_PATHS[arch=*]" = "~/Documents/FacebookSDK";
				INFOPLIST_FILE = "The Social Network/Info.plist";
				LD_RUNPATH_SEARCH_PATHS = "$(inherited) @executable_path/Frameworks";
				PRODUCT_BUNDLE_IDENTIFIER = "com.BelindaMo.The-Social-Network";
				PRODUCT_NAME = "$(TARGET_NAME)";
				SWIFT_VERSION = 3.0;
			};
			name = Release;
		};
/* End XCBuildConfiguration section */

/* Begin XCConfigurationList section */
		7F590FAF1F59410200C81AEC /* Build configuration list for PBXProject "The Social Network" */ = {
			isa = XCConfigurationList;
			buildConfigurations = (
				7F590FC41F59410200C81AEC /* Debug */,
				7F590FC51F59410200C81AEC /* Release */,
			);
			defaultConfigurationIsVisible = 0;
			defaultConfigurationName = Release;
		};
		7F590FC61F59410200C81AEC /* Build configuration list for PBXNativeTarget "The Social Network" */ = {
			isa = XCConfigurationList;
			buildConfigurations = (
				7F590FC71F59410200C81AEC /* Debug */,
				7F590FC81F59410200C81AEC /* Release */,
			);
			defaultConfigurationIsVisible = 0;
			defaultConfigurationName = Release;
		};
/* End XCConfigurationList section */
	};
	rootObject = 7F590FAC1F59410200C81AEC /* Project object */;
}
